{
  "version": 4,
  "terraform_version": "1.14.1",
  "serial": 4,
  "lineage": "085fcf7a-0012-f57c-93d9-81dd5a032231",
  "outputs": {
    "acr_login_server": {
      "value": "d4ar011.azurecr.io",
      "type": "string"
    },
    "acr_password": {
      "value": "9TugfQthNqK39ouRLpjIlft0conpTYmAPxefW4xXNcHxOQGp7nseJQQJ99CBACYeBjFEqg7NAAACAZCRZnU4",
      "type": "string",
      "sensitive": true
    },
    "acr_username": {
      "value": "D4ar011",
      "type": "string"
    }
  },
  "resources": [
    {
      "mode": "managed",
      "type": "azurerm_container_registry",
      "name": "acr",
      "provider": "provider[\"registry.terraform.io/hashicorp/azurerm\"]",
      "instances": [
        {
          "schema_version": 2,
          "attributes": {
            "admin_enabled": true,
            "admin_password": "9TugfQthNqK39ouRLpjIlft0conpTYmAPxefW4xXNcHxOQGp7nseJQQJ99CBACYeBjFEqg7NAAACAZCRZnU4",
            "admin_username": "D4ar011",
            "anonymous_pull_enabled": false,
            "data_endpoint_enabled": false,
            "encryption": [
              {
                "enabled": false,
                "identity_client_id": "",
                "key_vault_key_id": ""
              }
            ],
            "export_policy_enabled": true,
            "georeplications": [],
            "id": "/subscriptions/7960dd2e-4994-49e0-ab4e-791fa8ea8c40/resourceGroups/rg-aks-terraform-lab/providers/Microsoft.ContainerRegistry/registries/D4ar011",
            "identity": [],
            "location": "eastus",
            "login_server": "d4ar011.azurecr.io",
            "name": "D4ar011",
            "network_rule_bypass_option": "AzureServices",
            "network_rule_set": [],
            "public_network_access_enabled": true,
            "quarantine_policy_enabled": false,
            "resource_group_name": "rg-aks-terraform-lab",
            "retention_policy": [
              {
                "days": 7,
                "enabled": false
              }
            ],
            "sku": "Basic",
            "tags": null,
            "timeouts": null,
            "trust_policy": [
              {
                "enabled": false
              }
            ],
            "zone_redundancy_enabled": false
          },
          "sensitive_attributes": [
            [
              {
                "type": "get_attr",
                "value": "admin_password"
              }
            ]
          ],
          "identity_schema_version": 0,
          "private": "eyJlMmJmYjczMC1lY2FhLTExZTYtOGY4OC0zNDM2M2JjN2M0YzAiOnsiY3JlYXRlIjoxODAwMDAwMDAwMDAwLCJkZWxldGUiOjE4MDAwMDAwMDAwMDAsInJlYWQiOjMwMDAwMDAwMDAwMCwidXBkYXRlIjoxODAwMDAwMDAwMDAwfSwic2NoZW1hX3ZlcnNpb24iOiIyIn0=",
          "dependencies": [
            "azurerm_resource_group.rg"
          ]
        }
      ]
    },
    {
      "mode": "managed",
      "type": "azurerm_resource_group",
      "name": "rg",
      "provider": "provider[\"registry.terraform.io/hashicorp/azurerm\"]",
      "instances": [
        {
          "schema_version": 0,
          "attributes": {
            "id": "/subscriptions/7960dd2e-4994-49e0-ab4e-791fa8ea8c40/resourceGroups/rg-aks-terraform-lab",
            "location": "eastus",
            "managed_by": "",
            "name": "rg-aks-terraform-lab",
            "tags": null,
            "timeouts": null
          },
          "sensitive_attributes": [],
          "identity_schema_version": 0,
          "private": "eyJlMmJmYjczMC1lY2FhLTExZTYtOGY4OC0zNDM2M2JjN2M0YzAiOnsiY3JlYXRlIjo1NDAwMDAwMDAwMDAwLCJkZWxldGUiOjU0MDAwMDAwMDAwMDAsInJlYWQiOjMwMDAwMDAwMDAwMCwidXBkYXRlIjo1NDAwMDAwMDAwMDAwfX0="
        }
      ]
    }
  ],
  "check_results": null
}
